<?xml version="1.0" encoding="utf-8"?>
<Project ToolsVersion="17.0" xmlns="http://schemas.microsoft.com/developer/msbuild/2003">
  <ItemGroup>
    <ClCompile Include="G:\plug-code\bench\main.cpp">
      <Filter>Source Files</Filter>
    </ClCompile>
    <ClCompile Include="G:\plug-code\src\ParameterGrid.cpp">
      <Filter>Source Files</Filter>
    </ClCompile>
    <ClCompile Include="G:\plug-code\src\StepValue.cpp">
      <Filter>Source Files</Filter>
    </ClCompile>
    <ClCompile Include="G:\plug-code\src\StateSchema.cpp">
      <Filter>Source Files</Filter>
    </ClCompile>
    <ClCompile Include="G:\plug-code\src\Skill.cpp">
      <Filter>Source Files</Filter>
    </ClCompile>
    <ClCompile Include="G:\plug-code\src\Engine.cpp">
      <Filter>Source Files</Filter>
    </ClCompile>
    <ClCompile Include="G:\plug-code\src\dummies\DummySkills.cpp">
      <Filter>Source Files</Filter>
    </ClCompile>
    <ClCompile Include="G:\plug-code\src\skills\Skills.cpp">
      <Filter>Source Files</Filter>
    </ClCompile>
    <ClCompile Include="G:\plug-code\src\PlugProcessor.cpp">
      <Filter>Source Files</Filter>
    </ClCompile>
    <ClCompile Include="G:\plug-code\external\JUCE\modules\juce_audio_utils\juce_audio_utils.cpp">
      <Filter>Source Files</Filter>
    </ClCompile>
    <ClCompile Include="G:\plug-code\external\JUCE\modules\juce_audio_processors\juce_audio_processors.cpp">
      <Filter>Source Files</Filter>
    </ClCompile>
    <ClCompile Include="G:\plug-code\external\JUCE\modules\juce_gui_extra\juce_gui_extra.cpp">
      <Filter>Source Files</Filter>
    </ClCompile>
    <ClCompile Include="G:\plug-code\external\JUCE\modules\juce_gui_basics\juce_gui_basics.cpp">
      <Filter>Source Files</Filter>
    </ClCompile>
    <ClCompile Include="G:\plug-code\external\JUCE\modules\juce_gui_basics\juce_gui_basics_2.cpp">
      <Filter>Source Files</Filter>
    </ClCompile>
    <ClCompile Include="G:\plug-code\external\JUCE\modules\juce_gui_basics\juce_gui_basics_3.cpp">
      <Filter>Source Files</Filter>
    </ClCompile>
    <ClCompile Include="G:\plug-code\external\JUCE\modules\juce_gui_basics\juce_gui_basics_4.cpp">
      <Filter>Source Files</Filter>
    </ClCompile>
    <ClCompile Include="G:\plug-code\external\JUCE\modules\juce_gui_basics\juce_gui_basics_5.cpp">
      <Filter>Source Files</Filter>
    </ClCompile>
    <ClCompile Include="G:\plug-code\external\JUCE\modules\juce_graphics\juce_graphics.cpp">
      <Filter>Source Files</Filter>
    </ClCompile>
    <ClCompile Include="G:\plug-code\external\JUCE\modules\juce_graphics\juce_graphics_Harfbuzz.cpp">
      <Filter>Source Files</Filter>
    </ClCompile>
    <ClCompile Include="G:\plug-code\external\JUCE\modules\juce_graphics\juce_graphics_Sheenbidi.c">
      <Filter>Source Files</Filter>
    </ClCompile>
    <ClCompile Include="G:\plug-code\external\JUCE\modules\juce_events\juce_events.cpp">
      <Filter>Source Files</Filter>
    </ClCompile>
    <ClCompile Include="G:\plug-code\external\JUCE\modules\juce_core\juce_core.cpp">
      <Filter>Source Files</Filter>
    </ClCompile>
    <ClCompile Include="G:\plug-code\external\JUCE\modules\juce_core\juce_core_CompilationTime.cpp">
      <Filter>Source Files</Filter>
    </ClCompile>
    <ClCompile Include="G:\plug-code\external\JUCE\modules\juce_data_structures\juce_data_structures.cpp">
      <Filter>Source Files</Filter>
    </ClCompile>
    <ClCompile Include="G:\plug-code\external\JUCE\modules\juce_audio_processors_headless\juce_audio_processors_headless.cpp">
      <Filter>Source Files</Filter>
    </ClCompile>
    <ClCompile Include="G:\plug-code\external\JUCE\modules\juce_audio_processors_headless\juce_audio_processors_headless_ara.cpp">
      <Filter>Source Files</Filter>
    </ClCompile>
    <ClCompile Include="G:\plug-code\external\JUCE\modules\juce_audio_processors_headless\juce_audio_processors_headless_lv2_libs.cpp">
      <Filter>Source Files</Filter>
    </ClCompile>
    <ClCompile Include="G:\plug-code\external\JUCE\modules\juce_audio_basics\juce_audio_basics.cpp">
      <Filter>Source Files</Filter>
    </ClCompile>
    <ClCompile Include="G:\plug-code\external\JUCE\modules\juce_audio_formats\juce_audio_formats.cpp">
      <Filter>Source Files</Filter>
    </ClCompile>
    <ClCompile Include="G:\plug-code\external\JUCE\modules\juce_audio_devices\juce_audio_devices.cpp">
      <Filter>Source Files</Filter>
    </ClCompile>
  </ItemGroup>
  <ItemGroup>
    <ClInclude Include="G:\plug-code\src\ParameterGrid.h">
      <Filter>Header Files</Filter>
    </ClInclude>
    <ClInclude Include="G:\plug-code\src\GridMap.h">
      <Filter>Header Files</Filter>
    </ClInclude>
    <ClInclude Include="G:\plug-code\src\StepValue.h">
      <Filter>Header Files</Filter>
    </ClInclude>
    <ClInclude Include="G:\plug-code\src\StateSchema.h">
      <Filter>Header Files</Filter>
    </ClInclude>
    <ClInclude Include="G:\plug-code\src\Clock.h">
      <Filter>Header Files</Filter>
    </ClInclude>
    <ClInclude Include="G:\plug-code\src\Modulation.h">
      <Filter>Header Files</Filter>
    </ClInclude>
    <ClInclude Include="G:\plug-code\src\Skill.h">
      <Filter>Header Files</Filter>
    </ClInclude>
    <ClInclude Include="G:\plug-code\src\Engine.h">
      <Filter>Header Files</Filter>
    </ClInclude>
    <ClInclude Include="G:\plug-code\src\dummies\DummySkills.h">
      <Filter>Header Files</Filter>
    </ClInclude>
    <ClInclude Include="G:\plug-code\src\skills\Skills.h">
      <Filter>Header Files</Filter>
    </ClInclude>
    <ClInclude Include="G:\plug-code\src\BlockTimer.h">
      <Filter>Header Files</Filter>
    </ClInclude>
    <ClInclude Include="G:\plug-code\src\PlugProcessor.h">
      <Filter>Header Files</Filter>
    </ClInclude>
  </ItemGroup>
  <ItemGroup>
    <CustomBuild Include="G:\plug-code\CMakeLists.txt" />
  </ItemGroup>
  <ItemGroup>
    <Object Include="G:\plug-code\build_a\PlugBench_rc_lib.dir\$(Configuration)\PlugBench_resources.res">
      <Filter>Object Libraries</Filter>
    </Object>
  </ItemGroup>
  <ItemGroup>
    <Filter Include="Header Files">
      <UniqueIdentifier>{4E0700FF-14DE-3FDA-B947-D3E2A922A353}</UniqueIdentifier>
    </Filter>
    <Filter Include="Object Libraries">
      <UniqueIdentifier>{D0312340-137B-3B02-A341-54AA79BD1BF4}</UniqueIdentifier>
    </Filter>
    <Filter Include="Source Files">
      <UniqueIdentifier>{5FCB8741-902B-3AB1-B3E1-80DD8694EE36}</UniqueIdentifier>
    </Filter>
  </ItemGroup>
</Project>
