<?xml version="1.0" encoding="utf-8"?>
<Project ToolsVersion="17.0" xmlns="http://schemas.microsoft.com/developer/msbuild/2003">
  <ItemGroup>
    <CustomBuild Include="G:\plug-code\build_a\CMakeFiles\512a16c8a535268b5f310978db041589\Plug_vst3_helper.rule">
      <Filter>CMake Rules</Filter>
    </CustomBuild>
    <CustomBuild Include="G:\plug-code\CMakeLists.txt" />
  </ItemGroup>
  <ItemGroup>
    <None Include="G:\plug-code\build_a\CMakeFiles\Plug_vst3_helper" />
  </ItemGroup>
  <ItemGroup>
    <Filter Include="CMake Rules">
      <UniqueIdentifier>{09D54333-B583-3657-BBA2-1AA1A9D641DC}</UniqueIdentifier>
    </Filter>
  </ItemGroup>
</Project>
